
Microsoft Visual Studio Solution File, Format Version 12.00
# Visual Studio Version 16
VisualStudioVersion = 16.0.30621.155
MinimumVisualStudioVersion = 10.0.40219.1
Project("{FAE04EC0-301F-11D3-BF4B-00C04F79EFBC}") = "3PL1_DiscordBot", "3PL1_DiscordBot.csproj", "{1212E297-563B-422C-8D04-FFB9807C2305}"
EndProject
Global
	GlobalSection(SolutionConfigurationPlatforms) = preSolution
		Debug|Any CPU = Debug|Any CPU
		Release|Any CPU = Release|Any CPU
	EndGlobalSection
	GlobalSection(ProjectConfigurationPlatforms) = postSolution
		{1212E297-563B-422C-8D04-FFB9807C2305}.Debug|Any CPU.ActiveCfg = Debug|Any CPU
		{1212E297-563B-422C-8D04-FFB9807C2305}.Debug|Any CPU.Build.0 = Debug|Any CPU
		{1212E297-563B-422C-8D04-FFB9807C2305}.Release|Any CPU.ActiveCfg = Release|Any CPU
		{1212E297-563B-422C-8D04-FFB9807C2305}.Release|Any CPU.Build.0 = Release|Any CPU
	EndGlobalSection
	GlobalSection(SolutionProperties) = preSolution
		HideSolutionNode = FALSE
	EndGlobalSection
	GlobalSection(ExtensibilityGlobals) = postSolution
		SolutionGuid = {958DFE13-5310-471B-ABBE-03ACDB1F03F6}
	EndGlobalSection
EndGlobal
